
Microsoft Visual Studio Solution File, Format Version 12.00
# Visual Studio Version 17
VisualStudioVersion = 17.0.31903.59
MinimumVisualStudioVersion = 10.0.40219.1
Project("{2150E333-8FDC-42A3-9474-1A3956D46DE8}") = "src", "src", "{5C809DA8-54D7-4477-91E0-5599B529623D}"
EndProject
Project("{2150E333-8FDC-42A3-9474-1A3956D46DE8}") = "notification", "notification", "{D1F3624F-96D3-46D0-8649-1C781A7CD00E}"
EndProject
Project("{2150E333-8FDC-42A3-9474-1A3956D46DE8}") = "domain", "domain", "{00A90C6C-1152-4874-8A38-473B48755F0D}"
EndProject
Project("{2150E333-8FDC-42A3-9474-1A3956D46DE8}") = "provider", "provider", "{2A815083-2B01-4435-8E56-BF47616AC832}"
EndProject
Project("{2150E333-8FDC-42A3-9474-1A3956D46DE8}") = "services", "services", "{A75A02DA-CE99-4EF2-A74C-62AD8601D239}"
EndProject
Project("{2150E333-8FDC-42A3-9474-1A3956D46DE8}") = "entities", "entities", "{60807783-D645-42A7-B00A-CFF79B75FEA2}"
EndProject
Project("{FAE04EC0-301F-11D3-BF4B-00C04F79EFBC}") = "Notification.Domain.Entities", "src\notification\domain\entities\Notification.Domain.Entities.csproj", "{48C9961F-EB1E-4866-85AD-E94B6EB9900B}"
EndProject
Project("{2150E333-8FDC-42A3-9474-1A3956D46DE8}") = "enums", "enums", "{B6F658E3-CEF9-4A3F-B548-731425E5C85D}"
EndProject
Project("{2150E333-8FDC-42A3-9474-1A3956D46DE8}") = "exceptions", "exceptions", "{E8986787-35E4-4AA8-A80F-25E3BC93DBCF}"
EndProject
Project("{2150E333-8FDC-42A3-9474-1A3956D46DE8}") = "interfaces", "interfaces", "{816DA000-271C-4790-91DF-F77F2CB0D7B5}"
EndProject
Project("{2150E333-8FDC-42A3-9474-1A3956D46DE8}") = "cache", "cache", "{12021D40-D447-4E4C-B862-0B795DEB1B76}"
EndProject
Project("{2150E333-8FDC-42A3-9474-1A3956D46DE8}") = "local", "local", "{31386D8A-404F-479B-9B8D-040B70933643}"
EndProject
Project("{2150E333-8FDC-42A3-9474-1A3956D46DE8}") = "management", "management", "{ADAD05D2-3946-41FA-8F29-0F3695F7AFA8}"
EndProject
Project("{2150E333-8FDC-42A3-9474-1A3956D46DE8}") = "workers", "workers", "{909497C6-589F-481E-B82E-AD9F7F3F7BC3}"
EndProject
Project("{2150E333-8FDC-42A3-9474-1A3956D46DE8}") = "ratelimit", "ratelimit", "{6403C1D9-04B8-421A-B98B-3D26347C2907}"
EndProject
Project("{2150E333-8FDC-42A3-9474-1A3956D46DE8}") = "rules", "rules", "{0DC10F85-45EC-4BAB-976B-77A031C8BE4D}"
EndProject
Project("{FAE04EC0-301F-11D3-BF4B-00C04F79EFBC}") = "Notification.Domain.Enums", "src\notification\domain\enums\Notification.Domain.Enums.csproj", "{A1BBB36E-F279-48C9-BED6-06A1454F2DEA}"
EndProject
Project("{FAE04EC0-301F-11D3-BF4B-00C04F79EFBC}") = "Notification.Domain.Exceptions", "src\notification\domain\exceptions\Notification.Domain.Exceptions.csproj", "{A20805B2-45E1-466A-B5FB-D1F9FC6DE51A}"
EndProject
Project("{FAE04EC0-301F-11D3-BF4B-00C04F79EFBC}") = "Notification.Domain.Interfaces", "src\notification\domain\interfaces\Notification.Domain.Interfaces.csproj", "{816DC260-FF9C-4653-8362-DA03AD0DC144}"
EndProject
Project("{FAE04EC0-301F-11D3-BF4B-00C04F79EFBC}") = "Notification.Provider.Cache.Local", "src\notification\provider\cache\local\Notification.Provider.Cache.Local.csproj", "{D97DBA4C-C418-4503-A3FC-D7E77D7C9C91}"
EndProject
Project("{FAE04EC0-301F-11D3-BF4B-00C04F79EFBC}") = "Notification.Services.Management.RateLimit.Rules", "src\notification\services\management\ratelimit\rules\Notification.Services.Management.RateLimit.Rules.csproj", "{9519E34A-0E4D-4FF4-AC08-57638B2979F0}"
EndProject
Project("{FAE04EC0-301F-11D3-BF4B-00C04F79EFBC}") = "Notification.Service.Workers", "src\notification\services\workers\Notification.Service.Workers.csproj", "{9F97C803-D114-42A6-9083-8A4473E771B7}"
EndProject
Project("{2150E333-8FDC-42A3-9474-1A3956D46DE8}") = "test", "test", "{8F22E024-74BF-4923-AE17-896D1ACF1E1D}"
EndProject
Project("{2150E333-8FDC-42A3-9474-1A3956D46DE8}") = "notification", "notification", "{88A58C8F-AC00-4AC8-82B9-EFDE012AF984}"
EndProject
Project("{2150E333-8FDC-42A3-9474-1A3956D46DE8}") = "provider", "provider", "{A6D31B8A-B659-4AC1-87A8-928C1BFB0635}"
EndProject
Project("{2150E333-8FDC-42A3-9474-1A3956D46DE8}") = "cache", "cache", "{6DC34BDB-A773-44C7-91F1-00956DC0AF09}"
EndProject
Project("{2150E333-8FDC-42A3-9474-1A3956D46DE8}") = "local", "local", "{CA666B9F-8C1D-448F-9056-54D90077DF90}"
EndProject
Project("{2150E333-8FDC-42A3-9474-1A3956D46DE8}") = "services", "services", "{F3E44463-ABCA-4FFD-9E22-553675BF0459}"
EndProject
Project("{2150E333-8FDC-42A3-9474-1A3956D46DE8}") = "workers", "workers", "{DCC52304-6E66-4BC5-9480-05407DEC0C34}"
EndProject
Project("{FAE04EC0-301F-11D3-BF4B-00C04F79EFBC}") = "Notification.Provider.Cache.Local.Test", "test\notification\provider\cache\local\Notification.Provider.Cache.Local.Test.csproj", "{B7B49747-182F-402E-8B97-58CCFC8C8BD4}"
EndProject
Project("{FAE04EC0-301F-11D3-BF4B-00C04F79EFBC}") = "Notification.Services.Workers.Test", "test\notification\services\workers\Notification.Services.Workers.Test.csproj", "{D833CF59-97A7-46E3-A9B3-7BD3506AA43A}"
EndProject
Project("{2150E333-8FDC-42A3-9474-1A3956D46DE8}") = "common", "common", "{7285601A-8CB5-4AEB-BA5F-41A9522DEF82}"
EndProject
Project("{FAE04EC0-301F-11D3-BF4B-00C04F79EFBC}") = "Common.Helpers", "src\common\helpers\Common.Helpers.csproj", "{16894C5B-20B8-483D-AD71-FA74465E2E7C}"
EndProject
Project("{2150E333-8FDC-42A3-9474-1A3956D46DE8}") = "management", "management", "{AF6FCDF4-3641-41C2-AE70-8D85B85C6FBB}"
EndProject
Project("{2150E333-8FDC-42A3-9474-1A3956D46DE8}") = "ratelimit", "ratelimit", "{839D2584-95F2-4154-B4D7-2F77FD4A67A0}"
EndProject
Project("{FAE04EC0-301F-11D3-BF4B-00C04F79EFBC}") = "Notification.Services.Management.RateLimit.Rules.Test", "test\notification\services\management\ratelimit\rules\Notification.Services.Management.RateLimit.Rules.Test.csproj", "{88D26167-8E50-434C-B815-760022835286}"
EndProject
Global
	GlobalSection(SolutionConfigurationPlatforms) = preSolution
		Debug|Any CPU = Debug|Any CPU
		Release|Any CPU = Release|Any CPU
	EndGlobalSection
	GlobalSection(ProjectConfigurationPlatforms) = postSolution
		{48C9961F-EB1E-4866-85AD-E94B6EB9900B}.Debug|Any CPU.ActiveCfg = Debug|Any CPU
		{48C9961F-EB1E-4866-85AD-E94B6EB9900B}.Debug|Any CPU.Build.0 = Debug|Any CPU
		{48C9961F-EB1E-4866-85AD-E94B6EB9900B}.Release|Any CPU.ActiveCfg = Release|Any CPU
		{48C9961F-EB1E-4866-85AD-E94B6EB9900B}.Release|Any CPU.Build.0 = Release|Any CPU
		{A1BBB36E-F279-48C9-BED6-06A1454F2DEA}.Debug|Any CPU.ActiveCfg = Debug|Any CPU
		{A1BBB36E-F279-48C9-BED6-06A1454F2DEA}.Debug|Any CPU.Build.0 = Debug|Any CPU
		{A1BBB36E-F279-48C9-BED6-06A1454F2DEA}.Release|Any CPU.ActiveCfg = Release|Any CPU
		{A1BBB36E-F279-48C9-BED6-06A1454F2DEA}.Release|Any CPU.Build.0 = Release|Any CPU
		{A20805B2-45E1-466A-B5FB-D1F9FC6DE51A}.Debug|Any CPU.ActiveCfg = Debug|Any CPU
		{A20805B2-45E1-466A-B5FB-D1F9FC6DE51A}.Debug|Any CPU.Build.0 = Debug|Any CPU
		{A20805B2-45E1-466A-B5FB-D1F9FC6DE51A}.Release|Any CPU.ActiveCfg = Release|Any CPU
		{A20805B2-45E1-466A-B5FB-D1F9FC6DE51A}.Release|Any CPU.Build.0 = Release|Any CPU
		{816DC260-FF9C-4653-8362-DA03AD0DC144}.Debug|Any CPU.ActiveCfg = Debug|Any CPU
		{816DC260-FF9C-4653-8362-DA03AD0DC144}.Debug|Any CPU.Build.0 = Debug|Any CPU
		{816DC260-FF9C-4653-8362-DA03AD0DC144}.Release|Any CPU.ActiveCfg = Release|Any CPU
		{816DC260-FF9C-4653-8362-DA03AD0DC144}.Release|Any CPU.Build.0 = Release|Any CPU
		{D97DBA4C-C418-4503-A3FC-D7E77D7C9C91}.Debug|Any CPU.ActiveCfg = Debug|Any CPU
		{D97DBA4C-C418-4503-A3FC-D7E77D7C9C91}.Debug|Any CPU.Build.0 = Debug|Any CPU
		{D97DBA4C-C418-4503-A3FC-D7E77D7C9C91}.Release|Any CPU.ActiveCfg = Release|Any CPU
		{D97DBA4C-C418-4503-A3FC-D7E77D7C9C91}.Release|Any CPU.Build.0 = Release|Any CPU
		{9519E34A-0E4D-4FF4-AC08-57638B2979F0}.Debug|Any CPU.ActiveCfg = Debug|Any CPU
		{9519E34A-0E4D-4FF4-AC08-57638B2979F0}.Debug|Any CPU.Build.0 = Debug|Any CPU
		{9519E34A-0E4D-4FF4-AC08-57638B2979F0}.Release|Any CPU.ActiveCfg = Release|Any CPU
		{9519E34A-0E4D-4FF4-AC08-57638B2979F0}.Release|Any CPU.Build.0 = Release|Any CPU
		{9F97C803-D114-42A6-9083-8A4473E771B7}.Debug|Any CPU.ActiveCfg = Debug|Any CPU
		{9F97C803-D114-42A6-9083-8A4473E771B7}.Debug|Any CPU.Build.0 = Debug|Any CPU
		{9F97C803-D114-42A6-9083-8A4473E771B7}.Release|Any CPU.ActiveCfg = Release|Any CPU
		{9F97C803-D114-42A6-9083-8A4473E771B7}.Release|Any CPU.Build.0 = Release|Any CPU
		{B7B49747-182F-402E-8B97-58CCFC8C8BD4}.Debug|Any CPU.ActiveCfg = Debug|Any CPU
		{B7B49747-182F-402E-8B97-58CCFC8C8BD4}.Debug|Any CPU.Build.0 = Debug|Any CPU
		{B7B49747-182F-402E-8B97-58CCFC8C8BD4}.Release|Any CPU.ActiveCfg = Release|Any CPU
		{B7B49747-182F-402E-8B97-58CCFC8C8BD4}.Release|Any CPU.Build.0 = Release|Any CPU
		{D833CF59-97A7-46E3-A9B3-7BD3506AA43A}.Debug|Any CPU.ActiveCfg = Debug|Any CPU
		{D833CF59-97A7-46E3-A9B3-7BD3506AA43A}.Debug|Any CPU.Build.0 = Debug|Any CPU
		{D833CF59-97A7-46E3-A9B3-7BD3506AA43A}.Release|Any CPU.ActiveCfg = Release|Any CPU
		{D833CF59-97A7-46E3-A9B3-7BD3506AA43A}.Release|Any CPU.Build.0 = Release|Any CPU
		{16894C5B-20B8-483D-AD71-FA74465E2E7C}.Debug|Any CPU.ActiveCfg = Debug|Any CPU
		{16894C5B-20B8-483D-AD71-FA74465E2E7C}.Debug|Any CPU.Build.0 = Debug|Any CPU
		{16894C5B-20B8-483D-AD71-FA74465E2E7C}.Release|Any CPU.ActiveCfg = Release|Any CPU
		{16894C5B-20B8-483D-AD71-FA74465E2E7C}.Release|Any CPU.Build.0 = Release|Any CPU
		{88D26167-8E50-434C-B815-760022835286}.Debug|Any CPU.ActiveCfg = Debug|Any CPU
		{88D26167-8E50-434C-B815-760022835286}.Debug|Any CPU.Build.0 = Debug|Any CPU
		{88D26167-8E50-434C-B815-760022835286}.Release|Any CPU.ActiveCfg = Release|Any CPU
		{88D26167-8E50-434C-B815-760022835286}.Release|Any CPU.Build.0 = Release|Any CPU
	EndGlobalSection
	GlobalSection(SolutionProperties) = preSolution
		HideSolutionNode = FALSE
	EndGlobalSection
	GlobalSection(NestedProjects) = preSolution
		{D1F3624F-96D3-46D0-8649-1C781A7CD00E} = {5C809DA8-54D7-4477-91E0-5599B529623D}
		{00A90C6C-1152-4874-8A38-473B48755F0D} = {D1F3624F-96D3-46D0-8649-1C781A7CD00E}
		{2A815083-2B01-4435-8E56-BF47616AC832} = {D1F3624F-96D3-46D0-8649-1C781A7CD00E}
		{A75A02DA-CE99-4EF2-A74C-62AD8601D239} = {D1F3624F-96D3-46D0-8649-1C781A7CD00E}
		{60807783-D645-42A7-B00A-CFF79B75FEA2} = {00A90C6C-1152-4874-8A38-473B48755F0D}
		{48C9961F-EB1E-4866-85AD-E94B6EB9900B} = {60807783-D645-42A7-B00A-CFF79B75FEA2}
		{B6F658E3-CEF9-4A3F-B548-731425E5C85D} = {00A90C6C-1152-4874-8A38-473B48755F0D}
		{E8986787-35E4-4AA8-A80F-25E3BC93DBCF} = {00A90C6C-1152-4874-8A38-473B48755F0D}
		{816DA000-271C-4790-91DF-F77F2CB0D7B5} = {00A90C6C-1152-4874-8A38-473B48755F0D}
		{12021D40-D447-4E4C-B862-0B795DEB1B76} = {2A815083-2B01-4435-8E56-BF47616AC832}
		{31386D8A-404F-479B-9B8D-040B70933643} = {12021D40-D447-4E4C-B862-0B795DEB1B76}
		{ADAD05D2-3946-41FA-8F29-0F3695F7AFA8} = {A75A02DA-CE99-4EF2-A74C-62AD8601D239}
		{909497C6-589F-481E-B82E-AD9F7F3F7BC3} = {A75A02DA-CE99-4EF2-A74C-62AD8601D239}
		{6403C1D9-04B8-421A-B98B-3D26347C2907} = {ADAD05D2-3946-41FA-8F29-0F3695F7AFA8}
		{0DC10F85-45EC-4BAB-976B-77A031C8BE4D} = {6403C1D9-04B8-421A-B98B-3D26347C2907}
		{A1BBB36E-F279-48C9-BED6-06A1454F2DEA} = {B6F658E3-CEF9-4A3F-B548-731425E5C85D}
		{A20805B2-45E1-466A-B5FB-D1F9FC6DE51A} = {E8986787-35E4-4AA8-A80F-25E3BC93DBCF}
		{816DC260-FF9C-4653-8362-DA03AD0DC144} = {816DA000-271C-4790-91DF-F77F2CB0D7B5}
		{D97DBA4C-C418-4503-A3FC-D7E77D7C9C91} = {31386D8A-404F-479B-9B8D-040B70933643}
		{9519E34A-0E4D-4FF4-AC08-57638B2979F0} = {0DC10F85-45EC-4BAB-976B-77A031C8BE4D}
		{9F97C803-D114-42A6-9083-8A4473E771B7} = {909497C6-589F-481E-B82E-AD9F7F3F7BC3}
		{88A58C8F-AC00-4AC8-82B9-EFDE012AF984} = {8F22E024-74BF-4923-AE17-896D1ACF1E1D}
		{A6D31B8A-B659-4AC1-87A8-928C1BFB0635} = {88A58C8F-AC00-4AC8-82B9-EFDE012AF984}
		{6DC34BDB-A773-44C7-91F1-00956DC0AF09} = {A6D31B8A-B659-4AC1-87A8-928C1BFB0635}
		{CA666B9F-8C1D-448F-9056-54D90077DF90} = {6DC34BDB-A773-44C7-91F1-00956DC0AF09}
		{F3E44463-ABCA-4FFD-9E22-553675BF0459} = {88A58C8F-AC00-4AC8-82B9-EFDE012AF984}
		{DCC52304-6E66-4BC5-9480-05407DEC0C34} = {F3E44463-ABCA-4FFD-9E22-553675BF0459}
		{B7B49747-182F-402E-8B97-58CCFC8C8BD4} = {CA666B9F-8C1D-448F-9056-54D90077DF90}
		{D833CF59-97A7-46E3-A9B3-7BD3506AA43A} = {DCC52304-6E66-4BC5-9480-05407DEC0C34}
		{7285601A-8CB5-4AEB-BA5F-41A9522DEF82} = {5C809DA8-54D7-4477-91E0-5599B529623D}
		{16894C5B-20B8-483D-AD71-FA74465E2E7C} = {7285601A-8CB5-4AEB-BA5F-41A9522DEF82}
		{AF6FCDF4-3641-41C2-AE70-8D85B85C6FBB} = {F3E44463-ABCA-4FFD-9E22-553675BF0459}
		{839D2584-95F2-4154-B4D7-2F77FD4A67A0} = {AF6FCDF4-3641-41C2-AE70-8D85B85C6FBB}
		{88D26167-8E50-434C-B815-760022835286} = {839D2584-95F2-4154-B4D7-2F77FD4A67A0}
	EndGlobalSection
EndGlobal
